// !$*UTF8*$!
{
	archiveVersion = 1;
	classes = {
	};
	objectVersion = 46;
	objects = {

/* Begin PBXBuildFile section */
		5B4BF17F19C1305000B22E5B /* Foundation.framework in Frameworks */ = {isa = PBXBuildFile; fileRef = 5B4BF17E19C1305000B22E5B /* Foundation.framework */; };
		5B4BF18119C1305000B22E5B /* CoreGraphics.framework in Frameworks */ = {isa = PBXBuildFile; fileRef = 5B4BF18019C1305000B22E5B /* CoreGraphics.framework */; };
		5B4BF18319C1305000B22E5B /* UIKit.framework in Frameworks */ = {isa = PBXBuildFile; fileRef = 5B4BF18219C1305000B22E5B /* UIKit.framework */; };
		5B4BF18919C1305000B22E5B /* InfoPlist.strings in Resources */ = {isa = PBXBuildFile; fileRef = 5B4BF18719C1305000B22E5B /* InfoPlist.strings */; };
		5B4BF18B19C1305000B22E5B /* main.m in Sources */ = {isa = PBXBuildFile; fileRef = 5B4BF18A19C1305000B22E5B /* main.m */; };
		5B4BF18F19C1305000B22E5B /* ZZAppDelegate.m in Sources */ = {isa = PBXBuildFile; fileRef = 5B4BF18E19C1305000B22E5B /* ZZAppDelegate.m */; };
		5B4BF19219C1305000B22E5B /* Main.storyboard in Resources */ = {isa = PBXBuildFile; fileRef = 5B4BF19019C1305000B22E5B /* Main.storyboard */; };
		5B4BF19519C1305000B22E5B /* ZZViewController.m in Sources */ = {isa = PBXBuildFile; fileRef = 5B4BF19419C1305000B22E5B /* ZZViewController.m */; };
		5B4BF19719C1305000B22E5B /* Images.xcassets in Resources */ = {isa = PBXBuildFile; fileRef = 5B4BF19619C1305000B22E5B /* Images.xcassets */; };
		5B4BF19E19C1305000B22E5B /* XCTest.framework in Frameworks */ = {isa = PBXBuildFile; fileRef = 5B4BF19D19C1305000B22E5B /* XCTest.framework */; };
		5B4BF19F19C1305000B22E5B /* Foundation.framework in Frameworks */ = {isa = PBXBuildFile; fileRef = 5B4BF17E19C1305000B22E5B /* Foundation.framework */; };
		5B4BF1A019C1305000B22E5B /* UIKit.framework in Frameworks */ = {isa = PBXBuildFile; fileRef = 5B4BF18219C1305000B22E5B /* UIKit.framework */; };
		5B4BF1A819C1305000B22E5B /* InfoPlist.strings in Resources */ = {isa = PBXBuildFile; fileRef = 5B4BF1A619C1305000B22E5B /* InfoPlist.strings */; };
		5B4BF1AA19C1305000B22E5B /* viewTutorialTests.m in Sources */ = {isa = PBXBuildFile; fileRef = 5B4BF1A919C1305000B22E5B /* viewTutorialTests.m */; };
/* End PBXBuildFile section */

/* Begin PBXContainerItemProxy section */
		5B4BF1A119C1305000B22E5B /* PBXContainerItemProxy */ = {
			isa = PBXContainerItemProxy;
			containerPortal = 5B4BF17319C1305000B22E5B /* Project object */;
			proxyType = 1;
			remoteGlobalIDString = 5B4BF17A19C1305000B22E5B;
			remoteInfo = viewTutorial;
		};
/* End PBXContainerItemProxy section */

/* Begin PBXFileReference section */
		5B4BF17B19C1305000B22E5B /* viewTutorial.app */ = {isa = PBXFileReference; explicitFileType = wrapper.application; includeInIndex = 0; path = viewTutorial.app; sourceTree = BUILT_PRODUCTS_DIR; };
		5B4BF17E19C1305000B22E5B /* Foundation.framework */ = {isa = PBXFileReference; lastKnownFileType = wrapper.framework; name = Foundation.framework; path = System/Library/Frameworks/Foundation.framework; sourceTree = SDKROOT; };
		5B4BF18019C1305000B22E5B /* CoreGraphics.framework */ = {isa = PBXFileReference; lastKnownFileType = wrapper.framework; name = CoreGraphics.framework; path = System/Library/Frameworks/CoreGraphics.framework; sourceTree = SDKROOT; };
		5B4BF18219C1305000B22E5B /* UIKit.framework */ = {isa = PBXFileReference; lastKnownFileType = wrapper.framework; name = UIKit.framework; path = System/Library/Frameworks/UIKit.framework; sourceTree = SDKROOT; };
		5B4BF18619C1305000B22E5B /* viewTutorial-Info.plist */ = {isa = PBXFileReference; lastKnownFileType = text.plist.xml; path = "viewTutorial-Info.plist"; sourceTree = "<group>"; };
		5B4BF18819C1305000B22E5B /* en */ = {isa = PBXFileReference; lastKnownFileType = text.plist.strings; name = en; path = en.lproj/InfoPlist.strings; sourceTree = "<group>"; };
		5B4BF18A19C1305000B22E5B /* main.m */ = {isa = PBXFileReference; lastKnownFileType = sourcecode.c.objc; path = main.m; sourceTree = "<group>"; };
		5B4BF18C19C1305000B22E5B /* viewTutorial-Prefix.pch */ = {isa = PBXFileReference; lastKnownFileType = sourcecode.c.h; path = "viewTutorial-Prefix.pch"; sourceTree = "<group>"; };
		5B4BF18D19C1305000B22E5B /* ZZAppDelegate.h */ = {isa = PBXFileReference; lastKnownFileType = sourcecode.c.h; path = ZZAppDelegate.h; sourceTree = "<group>"; };
		5B4BF18E19C1305000B22E5B /* ZZAppDelegate.m */ = {isa = PBXFileReference; lastKnownFileType = sourcecode.c.objc; path = ZZAppDelegate.m; sourceTree = "<group>"; };
		5B4BF19119C1305000B22E5B /* Base */ = {isa = PBXFileReference; lastKnownFileType = file.storyboard; name = Base; path = Base.lproj/Main.storyboard; sourceTree = "<group>"; };
		5B4BF19319C1305000B22E5B /* ZZViewController.h */ = {isa = PBXFileReference; lastKnownFileType = sourcecode.c.h; path = ZZViewController.h; sourceTree = "<group>"; };
		5B4BF19419C1305000B22E5B /* ZZViewController.m */ = {isa = PBXFileReference; lastKnownFileType = sourcecode.c.objc; path = ZZViewController.m; sourceTree = "<group>"; };
		5B4BF19619C1305000B22E5B /* Images.xcassets */ = {isa = PBXFileReference; lastKnownFileType = folder.assetcatalog; path = Images.xcassets; sourceTree = "<group>"; };
		5B4BF19C19C1305000B22E5B /* viewTutorialTests.xctest */ = {isa = PBXFileReference; explicitFileType = wrapper.cfbundle; includeInIndex = 0; path = viewTutorialTests.xctest; sourceTree = BUILT_PRODUCTS_DIR; };
		5B4BF19D19C1305000B22E5B /* XCTest.framework */ = {isa = PBXFileReference; lastKnownFileType = wrapper.framework; name = XCTest.framework; path = Library/Frameworks/XCTest.framework; sourceTree = DEVELOPER_DIR; };
		5B4BF1A519C1305000B22E5B /* viewTutorialTests-Info.plist */ = {isa = PBXFileReference; lastKnownFileType = text.plist.xml; path = "viewTutorialTests-Info.plist"; sourceTree = "<group>"; };
		5B4BF1A719C1305000B22E5B /* en */ = {isa = PBXFileReference; lastKnownFileType = text.plist.strings; name = en; path = en.lproj/InfoPlist.strings; sourceTree = "<group>"; };
		5B4BF1A919C1305000B22E5B /* viewTutorialTests.m */ = {isa = PBXFileReference; lastKnownFileType = sourcecode.c.objc; path = viewTutorialTests.m; sourceTree = "<group>"; };
/* End PBXFileReference section */

/* Begin PBXFrameworksBuildPhase section */
		5B4BF17819C1305000B22E5B /* Frameworks */ = {
			isa = PBXFrameworksBuildPhase;
			buildActionMask = 2147483647;
			files = (
				5B4BF18119C1305000B22E5B /* CoreGraphics.framework in Frameworks */,
				5B4BF18319C1305000B22E5B /* UIKit.framework in Frameworks */,
				5B4BF17F19C1305000B22E5B /* Foundation.framework in Frameworks */,
			);
			runOnlyForDeploymentPostprocessing = 0;
		};
		5B4BF19919C1305000B22E5B /* Frameworks */ = {
			isa = PBXFrameworksBuildPhase;
			buildActionMask = 2147483647;
			files = (
				5B4BF19E19C1305000B22E5B /* XCTest.framework in Frameworks */,
				5B4BF1A019C1305000B22E5B /* UIKit.framework in Frameworks */,
				5B4BF19F19C1305000B22E5B /* Foundation.framework in Frameworks */,
			);
			runOnlyForDeploymentPostprocessing = 0;
		};
/* End PBXFrameworksBuildPhase section */

/* Begin PBXGroup section */
		5B4BF17219C1305000B22E5B = {
			isa = PBXGroup;
			children = (
				5B4BF18419C1305000B22E5B /* viewTutorial */,
				5B4BF1A319C1305000B22E5B /* viewTutorialTests */,
				5B4BF17D19C1305000B22E5B /* Frameworks */,
				5B4BF17C19C1305000B22E5B /* Products */,
			);
			sourceTree = "<group>";
		};
		5B4BF17C19C1305000B22E5B /* Products */ = {
			isa = PBXGroup;
			children = (
				5B4BF17B19C1305000B22E5B /* viewTutorial.app */,
				5B4BF19C19C1305000B22E5B /* viewTutorialTests.xctest */,
			);
			name = Products;
			sourceTree = "<group>";
		};
		5B4BF17D19C1305000B22E5B /* Frameworks */ = {
			isa = PBXGroup;
			children = (
				5B4BF17E19C1305000B22E5B /* Foundation.framework */,
				5B4BF18019C1305000B22E5B /* CoreGraphics.framework */,
				5B4BF18219C1305000B22E5B /* UIKit.framework */,
				5B4BF19D19C1305000B22E5B /* XCTest.framework */,
			);
			name = Frameworks;
			sourceTree = "<group>";
		};
		5B4BF18419C1305000B22E5B /* viewTutorial */ = {
			isa = PBXGroup;
			children = (
				5B4BF18D19C1305000B22E5B /* ZZAppDelegate.h */,
				5B4BF18E19C1305000B22E5B /* ZZAppDelegate.m */,
				5B4BF19019C1305000B22E5B /* Main.storyboard */,
				5B4BF19319C1305000B22E5B /* ZZViewController.h */,
				5B4BF19419C1305000B22E5B /* ZZViewController.m */,
				5B4BF19619C1305000B22E5B /* Images.xcassets */,
				5B4BF18519C1305000B22E5B /* Supporting Files */,
			);
			path = viewTutorial;
			sourceTree = "<group>";
		};
		5B4BF18519C1305000B22E5B /* Supporting Files */ = {
			isa = PBXGroup;
			children = (
				5B4BF18619C1305000B22E5B /* viewTutorial-Info.plist */,
				5B4BF18719C1305000B22E5B /* InfoPlist.strings */,
				5B4BF18A19C1305000B22E5B /* main.m */,
				5B4BF18C19C1305000B22E5B /* viewTutorial-Prefix.pch */,
			);
			name = "Supporting Files";
			sourceTree = "<group>";
		};
		5B4BF1A319C1305000B22E5B /* viewTutorialTests */ = {
			isa = PBXGroup;
			children = (
				5B4BF1A919C1305000B22E5B /* viewTutorialTests.m */,
				5B4BF1A419C1305000B22E5B /* Supporting Files */,
			);
			path = viewTutorialTests;
			sourceTree = "<group>";
		};
		5B4BF1A419C1305000B22E5B /* Supporting Files */ = {
			isa = PBXGroup;
			children = (
				5B4BF1A519C1305000B22E5B /* viewTutorialTests-Info.plist */,
				5B4BF1A619C1305000B22E5B /* InfoPlist.strings */,
			);
			name = "Supporting Files";
			sourceTree = "<group>";
		};
/* End PBXGroup section */

/* Begin PBXNativeTarget section */
		5B4BF17A19C1305000B22E5B /* viewTutorial */ = {
			isa = PBXNativeTarget;
			buildConfigurationList = 5B4BF1AD19C1305000B22E5B /* Build configuration list for PBXNativeTarget "viewTutorial" */;
			buildPhases = (
				5B4BF17719C1305000B22E5B /* Sources */,
				5B4BF17819C1305000B22E5B /* Frameworks */,
				5B4BF17919C1305000B22E5B /* Resources */,
			);
			buildRules = (
			);
			dependencies = (
			);
			name = viewTutorial;
			productName = viewTutorial;
			productReference = 5B4BF17B19C1305000B22E5B /* viewTutorial.app */;
			productType = "com.apple.product-type.application";
		};
		5B4BF19B19C1305000B22E5B /* viewTutorialTests */ = {
			isa = PBXNativeTarget;
			buildConfigurationList = 5B4BF1B019C1305000B22E5B /* Build configuration list for PBXNativeTarget "viewTutorialTests" */;
			buildPhases = (
				5B4BF19819C1305000B22E5B /* Sources */,
				5B4BF19919C1305000B22E5B /* Frameworks */,
				5B4BF19A19C1305000B22E5B /* Resources */,
			);
			buildRules = (
			);
			dependencies = (
				5B4BF1A219C1305000B22E5B /* PBXTargetDependency */,
			);
			name = viewTutorialTests;
			productName = viewTutorialTests;
			productReference = 5B4BF19C19C1305000B22E5B /* viewTutorialTests.xctest */;
			productType = "com.apple.product-type.bundle.unit-test";
		};
/* End PBXNativeTarget section */

/* Begin PBXProject section */
		5B4BF17319C1305000B22E5B /* Project object */ = {
			isa = PBXProject;
			attributes = {
				CLASSPREFIX = ZZ;
				LastUpgradeCheck = 0510;
				ORGANIZATIONNAME = "Zehao Zhang";
				TargetAttributes = {
					5B4BF19B19C1305000B22E5B = {
						TestTargetID = 5B4BF17A19C1305000B22E5B;
					};
				};
			};
			buildConfigurationList = 5B4BF17619C1305000B22E5B /* Build configuration list for PBXProject "viewTutorial" */;
			compatibilityVersion = "Xcode 3.2";
			developmentRegion = English;
			hasScannedForEncodings = 0;
			knownRegions = (
				en,
				Base,
			);
			mainGroup = 5B4BF17219C1305000B22E5B;
			productRefGroup = 5B4BF17C19C1305000B22E5B /* Products */;
			projectDirPath = "";
			projectRoot = "";
			targets = (
				5B4BF17A19C1305000B22E5B /* viewTutorial */,
				5B4BF19B19C1305000B22E5B /* viewTutorialTests */,
			);
		};
/* End PBXProject section */

/* Begin PBXResourcesBuildPhase section */
		5B4BF17919C1305000B22E5B /* Resources */ = {
			isa = PBXResourcesBuildPhase;
			buildActionMask = 2147483647;
			files = (
				5B4BF19719C1305000B22E5B /* Images.xcassets in Resources */,
				5B4BF18919C1305000B22E5B /* InfoPlist.strings in Resources */,
				5B4BF19219C1305000B22E5B /* Main.storyboard in Resources */,
			);
			runOnlyForDeploymentPostprocessing = 0;
		};
		5B4BF19A19C1305000B22E5B /* Resources */ = {
			isa = PBXResourcesBuildPhase;
			buildActionMask = 2147483647;
			files = (
				5B4BF1A819C1305000B22E5B /* InfoPlist.strings in Resources */,
			);
			runOnlyForDeploymentPostprocessing = 0;
		};
/* End PBXResourcesBuildPhase section */

/* Begin PBXSourcesBuildPhase section */
		5B4BF17719C1305000B22E5B /* Sources */ = {
			isa = PBXSourcesBuildPhase;
			buildActionMask = 2147483647;
			files = (
				5B4BF18F19C1305000B22E5B /* ZZAppDelegate.m in Sources */,
				5B4BF18B19C1305000B22E5B /* main.m in Sources */,
				5B4BF19519C1305000B22E5B /* ZZViewController.m in Sources */,
			);
			runOnlyForDeploymentPostprocessing = 0;
		};
		5B4BF19819C1305000B22E5B /* Sources */ = {
			isa = PBXSourcesBuildPhase;
			buildActionMask = 2147483647;
			files = (
				5B4BF1AA19C1305000B22E5B /* viewTutorialTests.m in Sources */,
			);
			runOnlyForDeploymentPostprocessing = 0;
		};
/* End PBXSourcesBuildPhase section */

/* Begin PBXTargetDependency section */
		5B4BF1A219C1305000B22E5B /* PBXTargetDependency */ = {
			isa = PBXTargetDependency;
			target = 5B4BF17A19C1305000B22E5B /* viewTutorial */;
			targetProxy = 5B4BF1A119C1305000B22E5B /* PBXContainerItemProxy */;
		};
/* End PBXTargetDependency section */

/* Begin PBXVariantGroup section */
		5B4BF18719C1305000B22E5B /* InfoPlist.strings */ = {
			isa = PBXVariantGroup;
			children = (
				5B4BF18819C1305000B22E5B /* en */,
			);
			name = InfoPlist.strings;
			sourceTree = "<group>";
		};
		5B4BF19019C1305000B22E5B /* Main.storyboard */ = {
			isa = PBXVariantGroup;
			children = (
				5B4BF19119C1305000B22E5B /* Base */,
			);
			name = Main.storyboard;
			sourceTree = "<group>";
		};
		5B4BF1A619C1305000B22E5B /* InfoPlist.strings */ = {
			isa = PBXVariantGroup;
			children = (
				5B4BF1A719C1305000B22E5B /* en */,
			);
			name = InfoPlist.strings;
			sourceTree = "<group>";
		};
/* End PBXVariantGroup section */

/* Begin XCBuildConfiguration section */
		5B4BF1AB19C1305000B22E5B /* Debug */ = {
			isa = XCBuildConfiguration;
			buildSettings = {
				ALWAYS_SEARCH_USER_PATHS = NO;
				CLANG_CXX_LANGUAGE_STANDARD = "gnu++0x";
				CLANG_CXX_LIBRARY = "libc++";
				CLANG_ENABLE_MODULES = YES;
				CLANG_ENABLE_OBJC_ARC = YES;
				CLANG_WARN_BOOL_CONVERSION = YES;
				CLANG_WARN_CONSTANT_CONVERSION = YES;
				CLANG_WARN_DIRECT_OBJC_ISA_USAGE = YES_ERROR;
				CLANG_WARN_EMPTY_BODY = YES;
				CLANG_WARN_ENUM_CONVERSION = YES;
				CLANG_WARN_INT_CONVERSION = YES;
				CLANG_WARN_OBJC_ROOT_CLASS = YES_ERROR;
				CLANG_WARN__DUPLICATE_METHOD_MATCH = YES;
				"CODE_SIGN_IDENTITY[sdk=iphoneos*]" = "iPhone Developer";
				COPY_PHASE_STRIP = NO;
				GCC_C_LANGUAGE_STANDARD = gnu99;
				GCC_DYNAMIC_NO_PIC = NO;
				GCC_OPTIMIZATION_LEVEL = 0;
				GCC_PREPROCESSOR_DEFINITIONS = (
					"DEBUG=1",
					"$(inherited)",
				);
				GCC_SYMBOLS_PRIVATE_EXTERN = NO;
				GCC_WARN_64_TO_32_BIT_CONVERSION = YES;
				GCC_WARN_ABOUT_RETURN_TYPE = YES_ERROR;
				GCC_WARN_UNDECLARED_SELECTOR = YES;
				GCC_WARN_UNINITIALIZED_AUTOS = YES_AGGRESSIVE;
				GCC_WARN_UNUSED_FUNCTION = YES;
				GCC_WARN_UNUSED_VARIABLE = YES;
				IPHONEOS_DEPLOYMENT_TARGET = 7.1;
				ONLY_ACTIVE_ARCH = YES;
				SDKROOT = iphoneos;
				TARGETED_DEVICE_FAMILY = 2;
			};
			name = Debug;
		};
		5B4BF1AC19C1305000B22E5B /* Release */ = {
			isa = XCBuildConfiguration;
			buildSettings = {
				ALWAYS_SEARCH_USER_PATHS = NO;
				CLANG_CXX_LANGUAGE_STANDARD = "gnu++0x";
				CLANG_CXX_LIBRARY = "libc++";
				CLANG_ENABLE_MODULES = YES;
				CLANG_ENABLE_OBJC_ARC = YES;
				CLANG_WARN_BOOL_CONVERSION = YES;
				CLANG_WARN_CONSTANT_CONVERSION = YES;
				CLANG_WARN_DIRECT_OBJC_ISA_USAGE = YES_ERROR;
				CLANG_WARN_EMPTY_BODY = YES;
				CLANG_WARN_ENUM_CONVERSION = YES;
				CLANG_WARN_INT_CONVERSION = YES;
				CLANG_WARN_OBJC_ROOT_CLASS = YES_ERROR;
				CLANG_WARN__DUPLICATE_METHOD_MATCH = YES;
				"CODE_SIGN_IDENTITY[sdk=iphoneos*]" = "iPhone Developer";
				COPY_PHASE_STRIP = YES;
				ENABLE_NS_ASSERTIONS = NO;
				GCC_C_LANGUAGE_STANDARD = gnu99;
				GCC_WARN_64_TO_32_BIT_CONVERSION = YES;
				GCC_WARN_ABOUT_RETURN_TYPE = YES_ERROR;
				GCC_WARN_UNDECLARED_SELECTOR = YES;
				GCC_WARN_UNINITIALIZED_AUTOS = YES_AGGRESSIVE;
				GCC_WARN_UNUSED_FUNCTION = YES;
				GCC_WARN_UNUSED_VARIABLE = YES;
				IPHONEOS_DEPLOYMENT_TARGET = 7.1;
				SDKROOT = iphoneos;
				TARGETED_DEVICE_FAMILY = 2;
				VALIDATE_PRODUCT = YES;
			};
			name = Release;
		};
		5B4BF1AE19C1305000B22E5B /* Debug */ = {
			isa = XCBuildConfiguration;
			buildSettings = {
				ASSETCATALOG_COMPILER_APPICON_NAME = AppIcon;
				ASSETCATALOG_COMPILER_LAUNCHIMAGE_NAME = LaunchImage;
				GCC_PRECOMPILE_PREFIX_HEADER = YES;
				GCC_PREFIX_HEADER = "viewTutorial/viewTutorial-Prefix.pch";
				INFOPLIST_FILE = "viewTutorial/viewTutorial-Info.plist";
				PRODUCT_NAME = "$(TARGET_NAME)";
				WRAPPER_EXTENSION = app;
			};
			name = Debug;
		};
		5B4BF1AF19C1305000B22E5B /* Release */ = {
			isa = XCBuildConfiguration;
			buildSettings = {
				ASSETCATALOG_COMPILER_APPICON_NAME = AppIcon;
				ASSETCATALOG_COMPILER_LAUNCHIMAGE_NAME = LaunchImage;
				GCC_PRECOMPILE_PREFIX_HEADER = YES;
				GCC_PREFIX_HEADER = "viewTutorial/viewTutorial-Prefix.pch";
				INFOPLIST_FILE = "viewTutorial/viewTutorial-Info.plist";
				PRODUCT_NAME = "$(TARGET_NAME)";
				WRAPPER_EXTENSION = app;
			};
			name = Release;
		};
		5B4BF1B119C1305000B22E5B /* Debug */ = {
			isa = XCBuildConfiguration;
			buildSettings = {
				BUNDLE_LOADER = "$(BUILT_PRODUCTS_DIR)/viewTutorial.app/viewTutorial";
				FRAMEWORK_SEARCH_PATHS = (
					"$(SDKROOT)/Developer/Library/Frameworks",
					"$(inherited)",
					"$(DEVELOPER_FRAMEWORKS_DIR)",
				);
				GCC_PRECOMPILE_PREFIX_HEADER = YES;
				GCC_PREFIX_HEADER = "viewTutorial/viewTutorial-Prefix.pch";
				GCC_PREPROCESSOR_DEFINITIONS = (
					"DEBUG=1",
					"$(inherited)",
				);
				INFOPLIST_FILE = "viewTutorialTests/viewTutorialTests-Info.plist";
				PRODUCT_NAME = "$(TARGET_NAME)";
				TEST_HOST = "$(BUNDLE_LOADER)";
				WRAPPER_EXTENSION = xctest;
			};
			name = Debug;
		};
		5B4BF1B219C1305000B22E5B /* Release */ = {
			isa = XCBuildConfiguration;
			buildSettings = {
				BUNDLE_LOADER = "$(BUILT_PRODUCTS_DIR)/viewTutorial.app/viewTutorial";
				FRAMEWORK_SEARCH_PATHS = (
					"$(SDKROOT)/Developer/Library/Frameworks",
					"$(inherited)",
					"$(DEVELOPER_FRAMEWORKS_DIR)",
				);
				GCC_PRECOMPILE_PREFIX_HEADER = YES;
				GCC_PREFIX_HEADER = "viewTutorial/viewTutorial-Prefix.pch";
				INFOPLIST_FILE = "viewTutorialTests/viewTutorialTests-Info.plist";
				PRODUCT_NAME = "$(TARGET_NAME)";
				TEST_HOST = "$(BUNDLE_LOADER)";
				WRAPPER_EXTENSION = xctest;
			};
			name = Release;
		};
/* End XCBuildConfiguration section */

/* Begin XCConfigurationList section */
		5B4BF17619C1305000B22E5B /* Build configuration list for PBXProject "viewTutorial" */ = {
			isa = XCConfigurationList;
			buildConfigurations = (
				5B4BF1AB19C1305000B22E5B /* Debug */,
				5B4BF1AC19C1305000B22E5B /* Release */,
			);
			defaultConfigurationIsVisible = 0;
			defaultConfigurationName = Release;
		};
		5B4BF1AD19C1305000B22E5B /* Build configuration list for PBXNativeTarget "viewTutorial" */ = {
			isa = XCConfigurationList;
			buildConfigurations = (
				5B4BF1AE19C1305000B22E5B /* Debug */,
				5B4BF1AF19C1305000B22E5B /* Release */,
			);
			defaultConfigurationIsVisible = 0;
		};
		5B4BF1B019C1305000B22E5B /* Build configuration list for PBXNativeTarget "viewTutorialTests" */ = {
			isa = XCConfigurationList;
			buildConfigurations = (
				5B4BF1B119C1305000B22E5B /* Debug */,
				5B4BF1B219C1305000B22E5B /* Release */,
			);
			defaultConfigurationIsVisible = 0;
		};
/* End XCConfigurationList section */
	};
	rootObject = 5B4BF17319C1305000B22E5B /* Project object */;
}
